
Microsoft Visual Studio Solution File, Format Version 12.00
# Visual Studio Version 16
VisualStudioVersion = 16.0.32929.386
MinimumVisualStudioVersion = 10.0.40219.1
Project("{FAE04EC0-301F-11D3-BF4B-00C04F79EFBC}") = "calcular_intereses", "calcular_intereses\calcular_intereses.csproj", "{8E52D13E-D94B-4C22-99CD-9B5AC74F4E38}"
EndProject
Global
	GlobalSection(SolutionConfigurationPlatforms) = preSolution
		Debug|Any CPU = Debug|Any CPU
		Release|Any CPU = Release|Any CPU
	EndGlobalSection
	GlobalSection(ProjectConfigurationPlatforms) = postSolution
		{8E52D13E-D94B-4C22-99CD-9B5AC74F4E38}.Debug|Any CPU.ActiveCfg = Debug|Any CPU
		{8E52D13E-D94B-4C22-99CD-9B5AC74F4E38}.Debug|Any CPU.Build.0 = Debug|Any CPU
		{8E52D13E-D94B-4C22-99CD-9B5AC74F4E38}.Release|Any CPU.ActiveCfg = Release|Any CPU
		{8E52D13E-D94B-4C22-99CD-9B5AC74F4E38}.Release|Any CPU.Build.0 = Release|Any CPU
	EndGlobalSection
	GlobalSection(SolutionProperties) = preSolution
		HideSolutionNode = FALSE
	EndGlobalSection
	GlobalSection(ExtensibilityGlobals) = postSolution
		SolutionGuid = {430AC131-F5D1-4234-B388-FF124BEB56C4}
	EndGlobalSection
EndGlobal
